<?xml version="1.0" encoding="utf-8"?>
<Project ToolsVersion="4.0" xmlns="http://schemas.microsoft.com/developer/msbuild/2003">
  <ItemGroup>
    <Filter Include="Source File">
      <UniqueIdentifier>{34aa09fc-79c6-4d0b-9f67-a00b60626619}</UniqueIdentifier>
    </Filter>
    <Filter Include="Resource">
      <UniqueIdentifier>{087881cc-260d-437a-b5e0-0cd62a9920ae}</UniqueIdentifier>
    </Filter>
    <Filter Include="Header">
      <UniqueIdentifier>{a50b6b75-b798-4263-96cc-6e4afc417ee4}</UniqueIdentifier>
    </Filter>
  </ItemGroup>
  <ItemGroup>
    <ClInclude Include="..\game_launch\resource.h" />
    <ClInclude Include="..\game_launch\resource.h">
      <Filter>Resource</Filter>
    </ClInclude>
  </ItemGroup>
  <ItemGroup>
    <Image Include="..\game_launch\game.ico">
      <Filter>Resource</Filter>
    </Image>
  </ItemGroup>
  <ItemGroup>
    <ResourceCompile Include="..\game_launch\cstzlauncher.rc">
      <Filter>Resource</Filter>
    </ResourceCompile>
  </ItemGroup>
  <ItemGroup>
    <ClCompile Include="..\game_launch\Counter-Strike TZ.cpp">
      <Filter>Source File</Filter>
    </ClCompile>
    <ClCompile Include="..\discord_game_sdk\cpp\achievement_manager.cpp">
      <Filter>Source File</Filter>
    </ClCompile>
    <ClCompile Include="..\discord_game_sdk\cpp\activity_manager.cpp">
      <Filter>Source File</Filter>
    </ClCompile>
    <ClCompile Include="..\discord_game_sdk\cpp\application_manager.cpp">
      <Filter>Source File</Filter>
    </ClCompile>
    <ClCompile Include="..\discord_game_sdk\cpp\core.cpp">
      <Filter>Source File</Filter>
    </ClCompile>
    <ClCompile Include="..\discord_game_sdk\cpp\image_manager.cpp">
      <Filter>Source File</Filter>
    </ClCompile>
    <ClCompile Include="..\discord_game_sdk\cpp\lobby_manager.cpp">
      <Filter>Source File</Filter>
    </ClCompile>
    <ClCompile Include="..\discord_game_sdk\cpp\network_manager.cpp">
      <Filter>Source File</Filter>
    </ClCompile>
    <ClCompile Include="..\discord_game_sdk\cpp\overlay_manager.cpp">
      <Filter>Source File</Filter>
    </ClCompile>
    <ClCompile Include="..\discord_game_sdk\cpp\relationship_manager.cpp">
      <Filter>Source File</Filter>
    </ClCompile>
    <ClCompile Include="..\discord_game_sdk\cpp\storage_manager.cpp">
      <Filter>Source File</Filter>
    </ClCompile>
    <ClCompile Include="..\discord_game_sdk\cpp\store_manager.cpp">
      <Filter>Source File</Filter>
    </ClCompile>
    <ClCompile Include="..\discord_game_sdk\cpp\types.cpp">
      <Filter>Source File</Filter>
    </ClCompile>
    <ClCompile Include="..\discord_game_sdk\cpp\user_manager.cpp">
      <Filter>Source File</Filter>
    </ClCompile>
    <ClCompile Include="..\discord_game_sdk\cpp\voice_manager.cpp">
      <Filter>Source File</Filter>
    </ClCompile>
  </ItemGroup>
</Project>